
Microsoft Visual Studio Solution File, Format Version 12.00
# Visual Studio 15
VisualStudioVersion = 15.0.27004.2010
MinimumVisualStudioVersion = 10.0.40219.1
Project("{FAE04EC0-301F-11D3-BF4B-00C04F79EFBC}") = "File.Create", "File.Create\File.Create.csproj", "{7EC29550-00AF-4F96-8423-B73C3788FA1B}"
EndProject
Project("{FAE04EC0-301F-11D3-BF4B-00C04F79EFBC}") = "File.IncludeLine", "File.IncludeLine\File.IncludeLine.csproj", "{BACCCE39-56CC-4BB6-A528-D0958ED9E7CC}"
EndProject
Project("{FAE04EC0-301F-11D3-BF4B-00C04F79EFBC}") = "File.Rename", "File.Rename\File.Rename.csproj", "{1CD1EF36-0E2C-457E-B37D-1A4CCFD5DF6E}"
EndProject
Project("{FAE04EC0-301F-11D3-BF4B-00C04F79EFBC}") = "Text.Convert", "Text.Convert\Text.Convert.csproj", "{C1AD28E0-EDA8-4375-A7C6-191BB6956B8C}"
EndProject
Project("{FAE04EC0-301F-11D3-BF4B-00C04F79EFBC}") = "Generate.PDF", "Generate.PDF\Generate.PDF.csproj", "{C0BDFE4F-9E2E-43D1-98B7-A94C83B2672F}"
EndProject
Global
	GlobalSection(SolutionConfigurationPlatforms) = preSolution
		Debug|Any CPU = Debug|Any CPU
		Release|Any CPU = Release|Any CPU
	EndGlobalSection
	GlobalSection(ProjectConfigurationPlatforms) = postSolution
		{7EC29550-00AF-4F96-8423-B73C3788FA1B}.Debug|Any CPU.ActiveCfg = Debug|Any CPU
		{7EC29550-00AF-4F96-8423-B73C3788FA1B}.Debug|Any CPU.Build.0 = Debug|Any CPU
		{7EC29550-00AF-4F96-8423-B73C3788FA1B}.Release|Any CPU.ActiveCfg = Release|Any CPU
		{7EC29550-00AF-4F96-8423-B73C3788FA1B}.Release|Any CPU.Build.0 = Release|Any CPU
		{BACCCE39-56CC-4BB6-A528-D0958ED9E7CC}.Debug|Any CPU.ActiveCfg = Debug|Any CPU
		{BACCCE39-56CC-4BB6-A528-D0958ED9E7CC}.Debug|Any CPU.Build.0 = Debug|Any CPU
		{BACCCE39-56CC-4BB6-A528-D0958ED9E7CC}.Release|Any CPU.ActiveCfg = Release|Any CPU
		{BACCCE39-56CC-4BB6-A528-D0958ED9E7CC}.Release|Any CPU.Build.0 = Release|Any CPU
		{1CD1EF36-0E2C-457E-B37D-1A4CCFD5DF6E}.Debug|Any CPU.ActiveCfg = Debug|Any CPU
		{1CD1EF36-0E2C-457E-B37D-1A4CCFD5DF6E}.Debug|Any CPU.Build.0 = Debug|Any CPU
		{1CD1EF36-0E2C-457E-B37D-1A4CCFD5DF6E}.Release|Any CPU.ActiveCfg = Release|Any CPU
		{1CD1EF36-0E2C-457E-B37D-1A4CCFD5DF6E}.Release|Any CPU.Build.0 = Release|Any CPU
		{C1AD28E0-EDA8-4375-A7C6-191BB6956B8C}.Debug|Any CPU.ActiveCfg = Debug|Any CPU
		{C1AD28E0-EDA8-4375-A7C6-191BB6956B8C}.Debug|Any CPU.Build.0 = Debug|Any CPU
		{C1AD28E0-EDA8-4375-A7C6-191BB6956B8C}.Release|Any CPU.ActiveCfg = Release|Any CPU
		{C1AD28E0-EDA8-4375-A7C6-191BB6956B8C}.Release|Any CPU.Build.0 = Release|Any CPU
		{C0BDFE4F-9E2E-43D1-98B7-A94C83B2672F}.Debug|Any CPU.ActiveCfg = Debug|Any CPU
		{C0BDFE4F-9E2E-43D1-98B7-A94C83B2672F}.Debug|Any CPU.Build.0 = Debug|Any CPU
		{C0BDFE4F-9E2E-43D1-98B7-A94C83B2672F}.Release|Any CPU.ActiveCfg = Release|Any CPU
		{C0BDFE4F-9E2E-43D1-98B7-A94C83B2672F}.Release|Any CPU.Build.0 = Release|Any CPU
	EndGlobalSection
	GlobalSection(SolutionProperties) = preSolution
		HideSolutionNode = FALSE
	EndGlobalSection
	GlobalSection(ExtensibilityGlobals) = postSolution
		SolutionGuid = {BFF1E0C8-2B9D-4CB6-B762-12751EC44423}
	EndGlobalSection
EndGlobal
